
Microsoft Visual Studio Solution File, Format Version 12.00
# Visual Studio Version 16
VisualStudioVersion = 16.0.31005.135
MinimumVisualStudioVersion = 10.0.40219.1
Project("{FAE04EC0-301F-11D3-BF4B-00C04F79EFBC}") = "DesafioFull_Front", "DesafioFull_Front\DesafioFull_Front.csproj", "{211F2494-A5DF-4A23-B81F-6BF8BE6C33CB}"
EndProject
Project("{2150E333-8FDC-42A3-9474-1A3956D46DE8}") = "1.Web", "1.Web", "{A836C53D-5F47-4BB1-9D66-F71E13FCD7A2}"
EndProject
Project("{2150E333-8FDC-42A3-9474-1A3956D46DE8}") = "2.Application", "2.Application", "{4E8C9175-B196-4E1D-9A38-483E8CBBD10D}"
EndProject
Project("{2150E333-8FDC-42A3-9474-1A3956D46DE8}") = "3.Domain", "3.Domain", "{A1549D93-274D-48A8-A852-0950703A0094}"
EndProject
Project("{2150E333-8FDC-42A3-9474-1A3956D46DE8}") = "4.Infra", "4.Infra", "{8E0A2F62-1810-4905-AAF3-BEDA479576A0}"
EndProject
Project("{FAE04EC0-301F-11D3-BF4B-00C04F79EFBC}") = "DesafioFull.Application", "DesafioFull.Application\DesafioFull.Application.csproj", "{63C1B6D8-1F9C-4B16-BC86-C959C210CA08}"
EndProject
Project("{FAE04EC0-301F-11D3-BF4B-00C04F79EFBC}") = "DesafioFull.Domain", "DesafioFull.Domain\DesafioFull.Domain.csproj", "{04611B3F-0B92-409E-8D5B-10CE10A61BFB}"
EndProject
Project("{2150E333-8FDC-42A3-9474-1A3956D46DE8}") = "4.1.Data", "4.1.Data", "{37E7E7B0-036C-4A2A-BB4D-DECE3BF0D4C4}"
EndProject
Project("{2150E333-8FDC-42A3-9474-1A3956D46DE8}") = "4.2.CrossCutting", "4.2.CrossCutting", "{0A423AC6-1648-40E7-B847-CF59A0B44E52}"
EndProject
Project("{FAE04EC0-301F-11D3-BF4B-00C04F79EFBC}") = "DesafioFull.Data", "DesafioFull.Data\DesafioFull.Data.csproj", "{AB439911-A763-443C-82F1-FE977DC1E44A}"
EndProject
Global
	GlobalSection(SolutionConfigurationPlatforms) = preSolution
		Debug|Any CPU = Debug|Any CPU
		Release|Any CPU = Release|Any CPU
	EndGlobalSection
	GlobalSection(ProjectConfigurationPlatforms) = postSolution
		{211F2494-A5DF-4A23-B81F-6BF8BE6C33CB}.Debug|Any CPU.ActiveCfg = Debug|Any CPU
		{211F2494-A5DF-4A23-B81F-6BF8BE6C33CB}.Debug|Any CPU.Build.0 = Debug|Any CPU
		{211F2494-A5DF-4A23-B81F-6BF8BE6C33CB}.Release|Any CPU.ActiveCfg = Release|Any CPU
		{211F2494-A5DF-4A23-B81F-6BF8BE6C33CB}.Release|Any CPU.Build.0 = Release|Any CPU
		{63C1B6D8-1F9C-4B16-BC86-C959C210CA08}.Debug|Any CPU.ActiveCfg = Debug|Any CPU
		{63C1B6D8-1F9C-4B16-BC86-C959C210CA08}.Debug|Any CPU.Build.0 = Debug|Any CPU
		{63C1B6D8-1F9C-4B16-BC86-C959C210CA08}.Release|Any CPU.ActiveCfg = Release|Any CPU
		{63C1B6D8-1F9C-4B16-BC86-C959C210CA08}.Release|Any CPU.Build.0 = Release|Any CPU
		{04611B3F-0B92-409E-8D5B-10CE10A61BFB}.Debug|Any CPU.ActiveCfg = Debug|Any CPU
		{04611B3F-0B92-409E-8D5B-10CE10A61BFB}.Debug|Any CPU.Build.0 = Debug|Any CPU
		{04611B3F-0B92-409E-8D5B-10CE10A61BFB}.Release|Any CPU.ActiveCfg = Release|Any CPU
		{04611B3F-0B92-409E-8D5B-10CE10A61BFB}.Release|Any CPU.Build.0 = Release|Any CPU
		{AB439911-A763-443C-82F1-FE977DC1E44A}.Debug|Any CPU.ActiveCfg = Debug|Any CPU
		{AB439911-A763-443C-82F1-FE977DC1E44A}.Debug|Any CPU.Build.0 = Debug|Any CPU
		{AB439911-A763-443C-82F1-FE977DC1E44A}.Release|Any CPU.ActiveCfg = Release|Any CPU
		{AB439911-A763-443C-82F1-FE977DC1E44A}.Release|Any CPU.Build.0 = Release|Any CPU
	EndGlobalSection
	GlobalSection(SolutionProperties) = preSolution
		HideSolutionNode = FALSE
	EndGlobalSection
	GlobalSection(NestedProjects) = preSolution
		{211F2494-A5DF-4A23-B81F-6BF8BE6C33CB} = {A836C53D-5F47-4BB1-9D66-F71E13FCD7A2}
		{63C1B6D8-1F9C-4B16-BC86-C959C210CA08} = {4E8C9175-B196-4E1D-9A38-483E8CBBD10D}
		{04611B3F-0B92-409E-8D5B-10CE10A61BFB} = {A1549D93-274D-48A8-A852-0950703A0094}
		{37E7E7B0-036C-4A2A-BB4D-DECE3BF0D4C4} = {8E0A2F62-1810-4905-AAF3-BEDA479576A0}
		{0A423AC6-1648-40E7-B847-CF59A0B44E52} = {8E0A2F62-1810-4905-AAF3-BEDA479576A0}
		{AB439911-A763-443C-82F1-FE977DC1E44A} = {37E7E7B0-036C-4A2A-BB4D-DECE3BF0D4C4}
	EndGlobalSection
	GlobalSection(ExtensibilityGlobals) = postSolution
		SolutionGuid = {8A02C1A8-45FA-4950-9DED-E0FCC8EFF15F}
	EndGlobalSection
EndGlobal
